
Microsoft Visual Studio Solution File, Format Version 12.00
Project("{FAE04EC0-301F-11D3-BF4B-00C04F79EFBC}") = "ACM.BL", "ACM.BL\ACM.BL.csproj", "{E3D4A5DC-14F8-4942-ACB3-2CB74085FD2B}"
EndProject
Project("{2150E333-8FDC-42A3-9474-1A3956D46DE8}") = "Tests", "Tests", "{7B072B9B-2F52-4ABF-847A-836DAA092A83}"
EndProject
Project("{FAE04EC0-301F-11D3-BF4B-00C04F79EFBC}") = "ACM.BLTest", "Tests\ACM.BLTest\ACM.BLTest.csproj", "{FD62DE54-B721-451E-8D7B-E700FBC8184A}"
EndProject
Global
	GlobalSection(SolutionConfigurationPlatforms) = preSolution
		Debug|Any CPU = Debug|Any CPU
		Release|Any CPU = Release|Any CPU
	EndGlobalSection
	GlobalSection(ProjectConfigurationPlatforms) = postSolution
		{E3D4A5DC-14F8-4942-ACB3-2CB74085FD2B}.Debug|Any CPU.ActiveCfg = Debug|Any CPU
		{E3D4A5DC-14F8-4942-ACB3-2CB74085FD2B}.Debug|Any CPU.Build.0 = Debug|Any CPU
		{E3D4A5DC-14F8-4942-ACB3-2CB74085FD2B}.Release|Any CPU.ActiveCfg = Release|Any CPU
		{E3D4A5DC-14F8-4942-ACB3-2CB74085FD2B}.Release|Any CPU.Build.0 = Release|Any CPU
		{FD62DE54-B721-451E-8D7B-E700FBC8184A}.Debug|Any CPU.ActiveCfg = Debug|Any CPU
		{FD62DE54-B721-451E-8D7B-E700FBC8184A}.Debug|Any CPU.Build.0 = Debug|Any CPU
		{FD62DE54-B721-451E-8D7B-E700FBC8184A}.Release|Any CPU.ActiveCfg = Release|Any CPU
		{FD62DE54-B721-451E-8D7B-E700FBC8184A}.Release|Any CPU.Build.0 = Release|Any CPU
	EndGlobalSection
	GlobalSection(NestedProjects) = preSolution
		{FD62DE54-B721-451E-8D7B-E700FBC8184A} = {7B072B9B-2F52-4ABF-847A-836DAA092A83}
	EndGlobalSection
EndGlobal
